
Microsoft Visual Studio Solution File, Format Version 12.00
# Visual Studio Version 16
VisualStudioVersion = 16.0.30011.22
MinimumVisualStudioVersion = 10.0.40219.1
Project("{151D2E53-A2C4-4D7D-83FE-D05416EBD58E}") = "ARM Deployments", "ARM Deployments.deployproj", "{6326D2A6-50E2-46C3-8FD0-76DD7A09F6D0}"
EndProject
Global
	GlobalSection(SolutionConfigurationPlatforms) = preSolution
		Debug|Any CPU = Debug|Any CPU
		Release|Any CPU = Release|Any CPU
	EndGlobalSection
	GlobalSection(ProjectConfigurationPlatforms) = postSolution
		{6326D2A6-50E2-46C3-8FD0-76DD7A09F6D0}.Debug|Any CPU.ActiveCfg = Debug|Any CPU
		{6326D2A6-50E2-46C3-8FD0-76DD7A09F6D0}.Debug|Any CPU.Build.0 = Debug|Any CPU
		{6326D2A6-50E2-46C3-8FD0-76DD7A09F6D0}.Release|Any CPU.ActiveCfg = Release|Any CPU
		{6326D2A6-50E2-46C3-8FD0-76DD7A09F6D0}.Release|Any CPU.Build.0 = Release|Any CPU
	EndGlobalSection
	GlobalSection(SolutionProperties) = preSolution
		HideSolutionNode = FALSE
	EndGlobalSection
	GlobalSection(ExtensibilityGlobals) = postSolution
		SolutionGuid = {0D3F8FC5-1746-4F1A-89EA-E831286BAC4C}
	EndGlobalSection
EndGlobal
